
Microsoft Visual Studio Solution File, Format Version 12.00
# Visual Studio 15
VisualStudioVersion = 15.0.26228.12
MinimumVisualStudioVersion = 10.0.40219.1
Project("{FAE04EC0-301F-11D3-BF4B-00C04F79EFBC}") = "PX4FileDownloader", "PX4FileDownloader\PX4FileDownloader.csproj", "{947D1CF0-A6D3-4E25-8E15-4D55BBCB05EE}"
EndProject
Global
	GlobalSection(SolutionConfigurationPlatforms) = preSolution
		Debug|Any CPU = Debug|Any CPU
		Release|Any CPU = Release|Any CPU
	EndGlobalSection
	GlobalSection(ProjectConfigurationPlatforms) = postSolution
		{947D1CF0-A6D3-4E25-8E15-4D55BBCB05EE}.Debug|Any CPU.ActiveCfg = Debug|Any CPU
		{947D1CF0-A6D3-4E25-8E15-4D55BBCB05EE}.Debug|Any CPU.Build.0 = Debug|Any CPU
		{947D1CF0-A6D3-4E25-8E15-4D55BBCB05EE}.Release|Any CPU.ActiveCfg = Release|Any CPU
		{947D1CF0-A6D3-4E25-8E15-4D55BBCB05EE}.Release|Any CPU.Build.0 = Release|Any CPU
	EndGlobalSection
	GlobalSection(SolutionProperties) = preSolution
		HideSolutionNode = FALSE
	EndGlobalSection
	GlobalSection(ExtensibilityGlobals) = postSolution
		SolutionGuid = {0ED3E25B-C864-4316-B592-DB8AC7D26622}
	EndGlobalSection
EndGlobal
